
Microsoft Visual Studio Solution File, Format Version 12.00
# Visual Studio 15
VisualStudioVersion = 15.0.28307.572
MinimumVisualStudioVersion = 10.0.40219.1
Project("{FAE04EC0-301F-11D3-BF4B-00C04F79EFBC}") = "Lab10", "Lab10\Lab10.csproj", "{B549CA0A-07F3-4475-B87A-3B23973922D2}"
EndProject
Global
	GlobalSection(SolutionConfigurationPlatforms) = preSolution
		Debug|Any CPU = Debug|Any CPU
		Release|Any CPU = Release|Any CPU
	EndGlobalSection
	GlobalSection(ProjectConfigurationPlatforms) = postSolution
		{B549CA0A-07F3-4475-B87A-3B23973922D2}.Debug|Any CPU.ActiveCfg = Debug|Any CPU
		{B549CA0A-07F3-4475-B87A-3B23973922D2}.Debug|Any CPU.Build.0 = Debug|Any CPU
		{B549CA0A-07F3-4475-B87A-3B23973922D2}.Release|Any CPU.ActiveCfg = Release|Any CPU
		{B549CA0A-07F3-4475-B87A-3B23973922D2}.Release|Any CPU.Build.0 = Release|Any CPU
	EndGlobalSection
	GlobalSection(SolutionProperties) = preSolution
		HideSolutionNode = FALSE
	EndGlobalSection
	GlobalSection(ExtensibilityGlobals) = postSolution
		SolutionGuid = {2EC473AD-A912-4C35-B539-23784B65650D}
	EndGlobalSection
EndGlobal
